// !$*UTF8*$!
{
	archiveVersion = 1;
	classes = {
	};
	objectVersion = 55;
	objects = {

/* Begin PBXBuildFile section */
		E41AC607284055030094BCF4 /* GitHubAPIClientApp.swift in Sources */ = {isa = PBXBuildFile; fileRef = E41AC606284055030094BCF4 /* GitHubAPIClientApp.swift */; };
		E41AC609284055030094BCF4 /* ContentView.swift in Sources */ = {isa = PBXBuildFile; fileRef = E41AC608284055030094BCF4 /* ContentView.swift */; };
		E41AC60B284055040094BCF4 /* Assets.xcassets in Resources */ = {isa = PBXBuildFile; fileRef = E41AC60A284055040094BCF4 /* Assets.xcassets */; };
		E41AC60E284055040094BCF4 /* Preview Assets.xcassets in Resources */ = {isa = PBXBuildFile; fileRef = E41AC60D284055040094BCF4 /* Preview Assets.xcassets */; };
		E41AC615284058620094BCF4 /* CardView.swift in Sources */ = {isa = PBXBuildFile; fileRef = E41AC614284058620094BCF4 /* CardView.swift */; };
		E41AC617284064300094BCF4 /* SearchView.swift in Sources */ = {isa = PBXBuildFile; fileRef = E41AC616284064300094BCF4 /* SearchView.swift */; };
		E41AC6342840707C0094BCF4 /* SafariView.swift in Sources */ = {isa = PBXBuildFile; fileRef = E41AC6332840707C0094BCF4 /* SafariView.swift */; };
		E41AC636284077DF0094BCF4 /* HomeView.swift in Sources */ = {isa = PBXBuildFile; fileRef = E41AC635284077DF0094BCF4 /* HomeView.swift */; };
		E41AC6392845A0C80094BCF4 /* Repository.swift in Sources */ = {isa = PBXBuildFile; fileRef = E41AC6382845A0C80094BCF4 /* Repository.swift */; };
		E41AC63B2845A3630094BCF4 /* SearchRepositoryRequest.swift in Sources */ = {isa = PBXBuildFile; fileRef = E41AC63A2845A3630094BCF4 /* SearchRepositoryRequest.swift */; };
		E41AC63D2845B0C10094BCF4 /* APIServiceError.swift in Sources */ = {isa = PBXBuildFile; fileRef = E41AC63C2845B0C10094BCF4 /* APIServiceError.swift */; };
		E41AC63F2845B2180094BCF4 /* APIService.swift in Sources */ = {isa = PBXBuildFile; fileRef = E41AC63E2845B2180094BCF4 /* APIService.swift */; };
		E41AC6412845C08D0094BCF4 /* HomeViewModel.swift in Sources */ = {isa = PBXBuildFile; fileRef = E41AC6402845C08D0094BCF4 /* HomeViewModel.swift */; };
/* End PBXBuildFile section */

/* Begin PBXFileReference section */
		E41AC603284055030094BCF4 /* GitHubAPIClient.app */ = {isa = PBXFileReference; explicitFileType = wrapper.application; includeInIndex = 0; path = GitHubAPIClient.app; sourceTree = BUILT_PRODUCTS_DIR; };
		E41AC606284055030094BCF4 /* GitHubAPIClientApp.swift */ = {isa = PBXFileReference; lastKnownFileType = sourcecode.swift; path = GitHubAPIClientApp.swift; sourceTree = "<group>"; };
		E41AC608284055030094BCF4 /* ContentView.swift */ = {isa = PBXFileReference; lastKnownFileType = sourcecode.swift; path = ContentView.swift; sourceTree = "<group>"; };
		E41AC60A284055040094BCF4 /* Assets.xcassets */ = {isa = PBXFileReference; lastKnownFileType = folder.assetcatalog; path = Assets.xcassets; sourceTree = "<group>"; };
		E41AC60D284055040094BCF4 /* Preview Assets.xcassets */ = {isa = PBXFileReference; lastKnownFileType = folder.assetcatalog; path = "Preview Assets.xcassets"; sourceTree = "<group>"; };
		E41AC614284058620094BCF4 /* CardView.swift */ = {isa = PBXFileReference; lastKnownFileType = sourcecode.swift; path = CardView.swift; sourceTree = "<group>"; };
		E41AC616284064300094BCF4 /* SearchView.swift */ = {isa = PBXFileReference; lastKnownFileType = sourcecode.swift; path = SearchView.swift; sourceTree = "<group>"; };
		E41AC6332840707C0094BCF4 /* SafariView.swift */ = {isa = PBXFileReference; lastKnownFileType = sourcecode.swift; path = SafariView.swift; sourceTree = "<group>"; };
		E41AC635284077DF0094BCF4 /* HomeView.swift */ = {isa = PBXFileReference; lastKnownFileType = sourcecode.swift; path = HomeView.swift; sourceTree = "<group>"; };
		E41AC6382845A0C80094BCF4 /* Repository.swift */ = {isa = PBXFileReference; lastKnownFileType = sourcecode.swift; path = Repository.swift; sourceTree = "<group>"; };
		E41AC63A2845A3630094BCF4 /* SearchRepositoryRequest.swift */ = {isa = PBXFileReference; lastKnownFileType = sourcecode.swift; path = SearchRepositoryRequest.swift; sourceTree = "<group>"; };
		E41AC63C2845B0C10094BCF4 /* APIServiceError.swift */ = {isa = PBXFileReference; lastKnownFileType = sourcecode.swift; path = APIServiceError.swift; sourceTree = "<group>"; };
		E41AC63E2845B2180094BCF4 /* APIService.swift */ = {isa = PBXFileReference; lastKnownFileType = sourcecode.swift; path = APIService.swift; sourceTree = "<group>"; };
		E41AC6402845C08D0094BCF4 /* HomeViewModel.swift */ = {isa = PBXFileReference; lastKnownFileType = sourcecode.swift; path = HomeViewModel.swift; sourceTree = "<group>"; };
/* End PBXFileReference section */

/* Begin PBXFrameworksBuildPhase section */
		E41AC600284055030094BCF4 /* Frameworks */ = {
			isa = PBXFrameworksBuildPhase;
			buildActionMask = 2147483647;
			files = (
			);
			runOnlyForDeploymentPostprocessing = 0;
		};
/* End PBXFrameworksBuildPhase section */

/* Begin PBXGroup section */
		E41AC5FA284055030094BCF4 = {
			isa = PBXGroup;
			children = (
				E41AC605284055030094BCF4 /* GitHubAPIClient */,
				E41AC604284055030094BCF4 /* Products */,
			);
			sourceTree = "<group>";
		};
		E41AC604284055030094BCF4 /* Products */ = {
			isa = PBXGroup;
			children = (
				E41AC603284055030094BCF4 /* GitHubAPIClient.app */,
			);
			name = Products;
			sourceTree = "<group>";
		};
		E41AC605284055030094BCF4 /* GitHubAPIClient */ = {
			isa = PBXGroup;
			children = (
				E41AC606284055030094BCF4 /* GitHubAPIClientApp.swift */,
				E41AC608284055030094BCF4 /* ContentView.swift */,
				E41AC635284077DF0094BCF4 /* HomeView.swift */,
				E41AC6402845C08D0094BCF4 /* HomeViewModel.swift */,
				E41AC614284058620094BCF4 /* CardView.swift */,
				E41AC616284064300094BCF4 /* SearchView.swift */,
				E41AC6332840707C0094BCF4 /* SafariView.swift */,
				E41AC6372845A0930094BCF4 /* Model */,
				E41AC60A284055040094BCF4 /* Assets.xcassets */,
				E41AC60C284055040094BCF4 /* Preview Content */,
			);
			path = GitHubAPIClient;
			sourceTree = "<group>";
		};
		E41AC60C284055040094BCF4 /* Preview Content */ = {
			isa = PBXGroup;
			children = (
				E41AC60D284055040094BCF4 /* Preview Assets.xcassets */,
			);
			path = "Preview Content";
			sourceTree = "<group>";
		};
		E41AC6372845A0930094BCF4 /* Model */ = {
			isa = PBXGroup;
			children = (
				E41AC6382845A0C80094BCF4 /* Repository.swift */,
				E41AC63A2845A3630094BCF4 /* SearchRepositoryRequest.swift */,
				E41AC63C2845B0C10094BCF4 /* APIServiceError.swift */,
				E41AC63E2845B2180094BCF4 /* APIService.swift */,
			);
			path = Model;
			sourceTree = "<group>";
		};
/* End PBXGroup section */

/* Begin PBXNativeTarget section */
		E41AC602284055030094BCF4 /* GitHubAPIClient */ = {
			isa = PBXNativeTarget;
			buildConfigurationList = E41AC611284055040094BCF4 /* Build configuration list for PBXNativeTarget "GitHubAPIClient" */;
			buildPhases = (
				E41AC5FF284055030094BCF4 /* Sources */,
				E41AC600284055030094BCF4 /* Frameworks */,
				E41AC601284055030094BCF4 /* Resources */,
			);
			buildRules = (
			);
			dependencies = (
			);
			name = GitHubAPIClient;
			productName = GitHubAPIClient;
			productReference = E41AC603284055030094BCF4 /* GitHubAPIClient.app */;
			productType = "com.apple.product-type.application";
		};
/* End PBXNativeTarget section */

/* Begin PBXProject section */
		E41AC5FB284055030094BCF4 /* Project object */ = {
			isa = PBXProject;
			attributes = {
				BuildIndependentTargetsInParallel = 1;
				LastSwiftUpdateCheck = 1330;
				LastUpgradeCheck = 1330;
				TargetAttributes = {
					E41AC602284055030094BCF4 = {
						CreatedOnToolsVersion = 13.3;
					};
				};
			};
			buildConfigurationList = E41AC5FE284055030094BCF4 /* Build configuration list for PBXProject "GitHubAPIClient" */;
			compatibilityVersion = "Xcode 13.0";
			developmentRegion = en;
			hasScannedForEncodings = 0;
			knownRegions = (
				en,
				Base,
			);
			mainGroup = E41AC5FA284055030094BCF4;
			productRefGroup = E41AC604284055030094BCF4 /* Products */;
			projectDirPath = "";
			projectRoot = "";
			targets = (
				E41AC602284055030094BCF4 /* GitHubAPIClient */,
			);
		};
/* End PBXProject section */

/* Begin PBXResourcesBuildPhase section */
		E41AC601284055030094BCF4 /* Resources */ = {
			isa = PBXResourcesBuildPhase;
			buildActionMask = 2147483647;
			files = (
				E41AC60E284055040094BCF4 /* Preview Assets.xcassets in Resources */,
				E41AC60B284055040094BCF4 /* Assets.xcassets in Resources */,
			);
			runOnlyForDeploymentPostprocessing = 0;
		};
/* End PBXResourcesBuildPhase section */

/* Begin PBXSourcesBuildPhase section */
		E41AC5FF284055030094BCF4 /* Sources */ = {
			isa = PBXSourcesBuildPhase;
			buildActionMask = 2147483647;
			files = (
				E41AC6392845A0C80094BCF4 /* Repository.swift in Sources */,
				E41AC6412845C08D0094BCF4 /* HomeViewModel.swift in Sources */,
				E41AC617284064300094BCF4 /* SearchView.swift in Sources */,
				E41AC609284055030094BCF4 /* ContentView.swift in Sources */,
				E41AC615284058620094BCF4 /* CardView.swift in Sources */,
				E41AC63D2845B0C10094BCF4 /* APIServiceError.swift in Sources */,
				E41AC636284077DF0094BCF4 /* HomeView.swift in Sources */,
				E41AC63F2845B2180094BCF4 /* APIService.swift in Sources */,
				E41AC607284055030094BCF4 /* GitHubAPIClientApp.swift in Sources */,
				E41AC6342840707C0094BCF4 /* SafariView.swift in Sources */,
				E41AC63B2845A3630094BCF4 /* SearchRepositoryRequest.swift in Sources */,
			);
			runOnlyForDeploymentPostprocessing = 0;
		};
/* End PBXSourcesBuildPhase section */

/* Begin XCBuildConfiguration section */
		E41AC60F284055040094BCF4 /* Debug */ = {
			isa = XCBuildConfiguration;
			buildSettings = {
				ALWAYS_SEARCH_USER_PATHS = NO;
				CLANG_ANALYZER_NONNULL = YES;
				CLANG_ANALYZER_NUMBER_OBJECT_CONVERSION = YES_AGGRESSIVE;
				CLANG_CXX_LANGUAGE_STANDARD = "gnu++17";
				CLANG_ENABLE_MODULES = YES;
				CLANG_ENABLE_OBJC_ARC = YES;
				CLANG_ENABLE_OBJC_WEAK = YES;
				CLANG_WARN_BLOCK_CAPTURE_AUTORELEASING = YES;
				CLANG_WARN_BOOL_CONVERSION = YES;
				CLANG_WARN_COMMA = YES;
				CLANG_WARN_CONSTANT_CONVERSION = YES;
				CLANG_WARN_DEPRECATED_OBJC_IMPLEMENTATIONS = YES;
				CLANG_WARN_DIRECT_OBJC_ISA_USAGE = YES_ERROR;
				CLANG_WARN_DOCUMENTATION_COMMENTS = YES;
				CLANG_WARN_EMPTY_BODY = YES;
				CLANG_WARN_ENUM_CONVERSION = YES;
				CLANG_WARN_INFINITE_RECURSION = YES;
				CLANG_WARN_INT_CONVERSION = YES;
				CLANG_WARN_NON_LITERAL_NULL_CONVERSION = YES;
				CLANG_WARN_OBJC_IMPLICIT_RETAIN_SELF = YES;
				CLANG_WARN_OBJC_LITERAL_CONVERSION = YES;
				CLANG_WARN_OBJC_ROOT_CLASS = YES_ERROR;
				CLANG_WARN_QUOTED_INCLUDE_IN_FRAMEWORK_HEADER = YES;
				CLANG_WARN_RANGE_LOOP_ANALYSIS = YES;
				CLANG_WARN_STRICT_PROTOTYPES = YES;
				CLANG_WARN_SUSPICIOUS_MOVE = YES;
				CLANG_WARN_UNGUARDED_AVAILABILITY = YES_AGGRESSIVE;
				CLANG_WARN_UNREACHABLE_CODE = YES;
				CLANG_WARN__DUPLICATE_METHOD_MATCH = YES;
				COPY_PHASE_STRIP = NO;
				DEBUG_INFORMATION_FORMAT = dwarf;
				ENABLE_STRICT_OBJC_MSGSEND = YES;
				ENABLE_TESTABILITY = YES;
				GCC_C_LANGUAGE_STANDARD = gnu11;
				GCC_DYNAMIC_NO_PIC = NO;
				GCC_NO_COMMON_BLOCKS = YES;
				GCC_OPTIMIZATION_LEVEL = 0;
				GCC_PREPROCESSOR_DEFINITIONS = (
					"DEBUG=1",
					"$(inherited)",
				);
				GCC_WARN_64_TO_32_BIT_CONVERSION = YES;
				GCC_WARN_ABOUT_RETURN_TYPE = YES_ERROR;
				GCC_WARN_UNDECLARED_SELECTOR = YES;
				GCC_WARN_UNINITIALIZED_AUTOS = YES_AGGRESSIVE;
				GCC_WARN_UNUSED_FUNCTION = YES;
				GCC_WARN_UNUSED_VARIABLE = YES;
				IPHONEOS_DEPLOYMENT_TARGET = 15.4;
				MTL_ENABLE_DEBUG_INFO = INCLUDE_SOURCE;
				MTL_FAST_MATH = YES;
				ONLY_ACTIVE_ARCH = YES;
				SDKROOT = iphoneos;
				SWIFT_ACTIVE_COMPILATION_CONDITIONS = DEBUG;
				SWIFT_OPTIMIZATION_LEVEL = "-Onone";
			};
			name = Debug;
		};
		E41AC610284055040094BCF4 /* Release */ = {
			isa = XCBuildConfiguration;
			buildSettings = {
				ALWAYS_SEARCH_USER_PATHS = NO;
				CLANG_ANALYZER_NONNULL = YES;
				CLANG_ANALYZER_NUMBER_OBJECT_CONVERSION = YES_AGGRESSIVE;
				CLANG_CXX_LANGUAGE_STANDARD = "gnu++17";
				CLANG_ENABLE_MODULES = YES;
				CLANG_ENABLE_OBJC_ARC = YES;
				CLANG_ENABLE_OBJC_WEAK = YES;
				CLANG_WARN_BLOCK_CAPTURE_AUTORELEASING = YES;
				CLANG_WARN_BOOL_CONVERSION = YES;
				CLANG_WARN_COMMA = YES;
				CLANG_WARN_CONSTANT_CONVERSION = YES;
				CLANG_WARN_DEPRECATED_OBJC_IMPLEMENTATIONS = YES;
				CLANG_WARN_DIRECT_OBJC_ISA_USAGE = YES_ERROR;
				CLANG_WARN_DOCUMENTATION_COMMENTS = YES;
				CLANG_WARN_EMPTY_BODY = YES;
				CLANG_WARN_ENUM_CONVERSION = YES;
				CLANG_WARN_INFINITE_RECURSION = YES;
				CLANG_WARN_INT_CONVERSION = YES;
				CLANG_WARN_NON_LITERAL_NULL_CONVERSION = YES;
				CLANG_WARN_OBJC_IMPLICIT_RETAIN_SELF = YES;
				CLANG_WARN_OBJC_LITERAL_CONVERSION = YES;
				CLANG_WARN_OBJC_ROOT_CLASS = YES_ERROR;
				CLANG_WARN_QUOTED_INCLUDE_IN_FRAMEWORK_HEADER = YES;
				CLANG_WARN_RANGE_LOOP_ANALYSIS = YES;
				CLANG_WARN_STRICT_PROTOTYPES = YES;
				CLANG_WARN_SUSPICIOUS_MOVE = YES;
				CLANG_WARN_UNGUARDED_AVAILABILITY = YES_AGGRESSIVE;
				CLANG_WARN_UNREACHABLE_CODE = YES;
				CLANG_WARN__DUPLICATE_METHOD_MATCH = YES;
				COPY_PHASE_STRIP = NO;
				DEBUG_INFORMATION_FORMAT = "dwarf-with-dsym";
				ENABLE_NS_ASSERTIONS = NO;
				ENABLE_STRICT_OBJC_MSGSEND = YES;
				GCC_C_LANGUAGE_STANDARD = gnu11;
				GCC_NO_COMMON_BLOCKS = YES;
				GCC_WARN_64_TO_32_BIT_CONVERSION = YES;
				GCC_WARN_ABOUT_RETURN_TYPE = YES_ERROR;
				GCC_WARN_UNDECLARED_SELECTOR = YES;
				GCC_WARN_UNINITIALIZED_AUTOS = YES_AGGRESSIVE;
				GCC_WARN_UNUSED_FUNCTION = YES;
				GCC_WARN_UNUSED_VARIABLE = YES;
				IPHONEOS_DEPLOYMENT_TARGET = 15.4;
				MTL_ENABLE_DEBUG_INFO = NO;
				MTL_FAST_MATH = YES;
				SDKROOT = iphoneos;
				SWIFT_COMPILATION_MODE = wholemodule;
				SWIFT_OPTIMIZATION_LEVEL = "-O";
				VALIDATE_PRODUCT = YES;
			};
			name = Release;
		};
		E41AC612284055040094BCF4 /* Debug */ = {
			isa = XCBuildConfiguration;
			buildSettings = {
				ASSETCATALOG_COMPILER_APPICON_NAME = AppIcon;
				ASSETCATALOG_COMPILER_GLOBAL_ACCENT_COLOR_NAME = AccentColor;
				CODE_SIGN_STYLE = Automatic;
				CURRENT_PROJECT_VERSION = 1;
				DEVELOPMENT_ASSET_PATHS = "\"GitHubAPIClient/Preview Content\"";
				DEVELOPMENT_TEAM = 6H8RBA4DXP;
				ENABLE_PREVIEWS = YES;
				GENERATE_INFOPLIST_FILE = YES;
				INFOPLIST_KEY_UIApplicationSceneManifest_Generation = YES;
				INFOPLIST_KEY_UIApplicationSupportsIndirectInputEvents = YES;
				INFOPLIST_KEY_UILaunchScreen_Generation = YES;
				INFOPLIST_KEY_UISupportedInterfaceOrientations_iPad = "UIInterfaceOrientationPortrait UIInterfaceOrientationPortraitUpsideDown UIInterfaceOrientationLandscapeLeft UIInterfaceOrientationLandscapeRight";
				INFOPLIST_KEY_UISupportedInterfaceOrientations_iPhone = "UIInterfaceOrientationPortrait UIInterfaceOrientationLandscapeLeft UIInterfaceOrientationLandscapeRight";
				IPHONEOS_DEPLOYMENT_TARGET = 14.0;
				LD_RUNPATH_SEARCH_PATHS = (
					"$(inherited)",
					"@executable_path/Frameworks",
				);
				MARKETING_VERSION = 1.0;
				PRODUCT_BUNDLE_IDENTIFIER = jp.ac.jec.cm.GitHubAPIClient;
				PRODUCT_NAME = "$(TARGET_NAME)";
				SWIFT_EMIT_LOC_STRINGS = YES;
				SWIFT_VERSION = 5.0;
				TARGETED_DEVICE_FAMILY = "1,2";
			};
			name = Debug;
		};
		E41AC613284055040094BCF4 /* Release */ = {
			isa = XCBuildConfiguration;
			buildSettings = {
				ASSETCATALOG_COMPILER_APPICON_NAME = AppIcon;
				ASSETCATALOG_COMPILER_GLOBAL_ACCENT_COLOR_NAME = AccentColor;
				CODE_SIGN_STYLE = Automatic;
				CURRENT_PROJECT_VERSION = 1;
				DEVELOPMENT_ASSET_PATHS = "\"GitHubAPIClient/Preview Content\"";
				DEVELOPMENT_TEAM = 6H8RBA4DXP;
				ENABLE_PREVIEWS = YES;
				GENERATE_INFOPLIST_FILE = YES;
				INFOPLIST_KEY_UIApplicationSceneManifest_Generation = YES;
				INFOPLIST_KEY_UIApplicationSupportsIndirectInputEvents = YES;
				INFOPLIST_KEY_UILaunchScreen_Generation = YES;
				INFOPLIST_KEY_UISupportedInterfaceOrientations_iPad = "UIInterfaceOrientationPortrait UIInterfaceOrientationPortraitUpsideDown UIInterfaceOrientationLandscapeLeft UIInterfaceOrientationLandscapeRight";
				INFOPLIST_KEY_UISupportedInterfaceOrientations_iPhone = "UIInterfaceOrientationPortrait UIInterfaceOrientationLandscapeLeft UIInterfaceOrientationLandscapeRight";
				IPHONEOS_DEPLOYMENT_TARGET = 14.0;
				LD_RUNPATH_SEARCH_PATHS = (
					"$(inherited)",
					"@executable_path/Frameworks",
				);
				MARKETING_VERSION = 1.0;
				PRODUCT_BUNDLE_IDENTIFIER = jp.ac.jec.cm.GitHubAPIClient;
				PRODUCT_NAME = "$(TARGET_NAME)";
				SWIFT_EMIT_LOC_STRINGS = YES;
				SWIFT_VERSION = 5.0;
				TARGETED_DEVICE_FAMILY = "1,2";
			};
			name = Release;
		};
/* End XCBuildConfiguration section */

/* Begin XCConfigurationList section */
		E41AC5FE284055030094BCF4 /* Build configuration list for PBXProject "GitHubAPIClient" */ = {
			isa = XCConfigurationList;
			buildConfigurations = (
				E41AC60F284055040094BCF4 /* Debug */,
				E41AC610284055040094BCF4 /* Release */,
			);
			defaultConfigurationIsVisible = 0;
			defaultConfigurationName = Release;
		};
		E41AC611284055040094BCF4 /* Build configuration list for PBXNativeTarget "GitHubAPIClient" */ = {
			isa = XCConfigurationList;
			buildConfigurations = (
				E41AC612284055040094BCF4 /* Debug */,
				E41AC613284055040094BCF4 /* Release */,
			);
			defaultConfigurationIsVisible = 0;
			defaultConfigurationName = Release;
		};
/* End XCConfigurationList section */
	};
	rootObject = E41AC5FB284055030094BCF4 /* Project object */;
}
